
Microsoft Visual Studio Solution File, Format Version 12.00
# Visual Studio 15
VisualStudioVersion = 15.0.27130.2010
MinimumVisualStudioVersion = 10.0.40219.1
Project("{FAE04EC0-301F-11D3-BF4B-00C04F79EFBC}") = "HelloHome.Central.Hub", "HelloHome.Central.Hub\HelloHome.Central.Hub.csproj", "{F54BB2C6-DEF6-4C29-8D3F-6C23FF9682C9}"
EndProject
Project("{FAE04EC0-301F-11D3-BF4B-00C04F79EFBC}") = "HelloHome.Central.Domain", "HelloHome.Central.Domain\HelloHome.Central.Domain.csproj", "{15159576-C795-42B8-9187-48EE7E234A9D}"
EndProject
Project("{FAE04EC0-301F-11D3-BF4B-00C04F79EFBC}") = "HelloHome.Central.Common", "HelloHome.Central.Common\HelloHome.Central.Common.csproj", "{79E9C528-29A7-4893-9FC1-100DFBA7EAD9}"
EndProject
Project("{FAE04EC0-301F-11D3-BF4B-00C04F79EFBC}") = "HelloHome.Central.Repository", "HelloHome.Central.Repository\HelloHome.Central.Repository.csproj", "{0AA6C710-9885-4618-B560-F879C8F48852}"
EndProject
Global
	GlobalSection(SolutionConfigurationPlatforms) = preSolution
		Debug|Any CPU = Debug|Any CPU
		Release|Any CPU = Release|Any CPU
	EndGlobalSection
	GlobalSection(ProjectConfigurationPlatforms) = postSolution
		{F54BB2C6-DEF6-4C29-8D3F-6C23FF9682C9}.Debug|Any CPU.ActiveCfg = Debug|Any CPU
		{F54BB2C6-DEF6-4C29-8D3F-6C23FF9682C9}.Debug|Any CPU.Build.0 = Debug|Any CPU
		{F54BB2C6-DEF6-4C29-8D3F-6C23FF9682C9}.Release|Any CPU.ActiveCfg = Release|Any CPU
		{F54BB2C6-DEF6-4C29-8D3F-6C23FF9682C9}.Release|Any CPU.Build.0 = Release|Any CPU
		{15159576-C795-42B8-9187-48EE7E234A9D}.Debug|Any CPU.ActiveCfg = Debug|Any CPU
		{15159576-C795-42B8-9187-48EE7E234A9D}.Debug|Any CPU.Build.0 = Debug|Any CPU
		{15159576-C795-42B8-9187-48EE7E234A9D}.Release|Any CPU.ActiveCfg = Release|Any CPU
		{15159576-C795-42B8-9187-48EE7E234A9D}.Release|Any CPU.Build.0 = Release|Any CPU
		{79E9C528-29A7-4893-9FC1-100DFBA7EAD9}.Debug|Any CPU.ActiveCfg = Debug|Any CPU
		{79E9C528-29A7-4893-9FC1-100DFBA7EAD9}.Debug|Any CPU.Build.0 = Debug|Any CPU
		{79E9C528-29A7-4893-9FC1-100DFBA7EAD9}.Release|Any CPU.ActiveCfg = Release|Any CPU
		{79E9C528-29A7-4893-9FC1-100DFBA7EAD9}.Release|Any CPU.Build.0 = Release|Any CPU
		{0AA6C710-9885-4618-B560-F879C8F48852}.Debug|Any CPU.ActiveCfg = Debug|Any CPU
		{0AA6C710-9885-4618-B560-F879C8F48852}.Debug|Any CPU.Build.0 = Debug|Any CPU
		{0AA6C710-9885-4618-B560-F879C8F48852}.Release|Any CPU.ActiveCfg = Release|Any CPU
		{0AA6C710-9885-4618-B560-F879C8F48852}.Release|Any CPU.Build.0 = Release|Any CPU
	EndGlobalSection
	GlobalSection(SolutionProperties) = preSolution
		HideSolutionNode = FALSE
	EndGlobalSection
	GlobalSection(ExtensibilityGlobals) = postSolution
		SolutionGuid = {0A63C2EF-2FD0-4238-BF1F-673D0090A889}
	EndGlobalSection
EndGlobal
